
Microsoft Visual Studio Solution File, Format Version 12.00
# Visual Studio 15
VisualStudioVersion = 15.0.26403.3
MinimumVisualStudioVersion = 10.0.40219.1
Project("{FAE04EC0-301F-11D3-BF4B-00C04F79EFBC}") = "Formula_gases.Android", "Formula_gases\Formula_gases.Android\Formula_gases.Android.csproj", "{9EC353C0-18E9-4E52-99CF-2C696E5CD3DA}"
EndProject
Project("{FAE04EC0-301F-11D3-BF4B-00C04F79EFBC}") = "Formula_gases", "Formula_gases\Formula_gases\Formula_gases.csproj", "{55650053-3EC9-4AED-9AB4-F73638F4462F}"
EndProject
Project("{FAE04EC0-301F-11D3-BF4B-00C04F79EFBC}") = "Formula_gases.UWP", "Formula_gases\Formula_gases.UWP\Formula_gases.UWP.csproj", "{8F621FFF-A08F-4B3A-A61A-93CB4F928BD3}"
EndProject
Project("{FAE04EC0-301F-11D3-BF4B-00C04F79EFBC}") = "Formula_gases.iOS", "Formula_gases\Formula_gases.iOS\Formula_gases.iOS.csproj", "{B00396CE-44D3-4EC9-B4C3-9A7EBD319DFD}"
EndProject
Global
	GlobalSection(SolutionConfigurationPlatforms) = preSolution
		Ad-Hoc|Any CPU = Ad-Hoc|Any CPU
		Ad-Hoc|ARM = Ad-Hoc|ARM
		Ad-Hoc|iPhone = Ad-Hoc|iPhone
		Ad-Hoc|iPhoneSimulator = Ad-Hoc|iPhoneSimulator
		Ad-Hoc|x64 = Ad-Hoc|x64
		Ad-Hoc|x86 = Ad-Hoc|x86
		AppStore|Any CPU = AppStore|Any CPU
		AppStore|ARM = AppStore|ARM
		AppStore|iPhone = AppStore|iPhone
		AppStore|iPhoneSimulator = AppStore|iPhoneSimulator
		AppStore|x64 = AppStore|x64
		AppStore|x86 = AppStore|x86
		Debug|Any CPU = Debug|Any CPU
		Debug|ARM = Debug|ARM
		Debug|iPhone = Debug|iPhone
		Debug|iPhoneSimulator = Debug|iPhoneSimulator
		Debug|x64 = Debug|x64
		Debug|x86 = Debug|x86
		Release|Any CPU = Release|Any CPU
		Release|ARM = Release|ARM
		Release|iPhone = Release|iPhone
		Release|iPhoneSimulator = Release|iPhoneSimulator
		Release|x64 = Release|x64
		Release|x86 = Release|x86
	EndGlobalSection
	GlobalSection(ProjectConfigurationPlatforms) = postSolution
		{9EC353C0-18E9-4E52-99CF-2C696E5CD3DA}.Ad-Hoc|Any CPU.ActiveCfg = Release|Any CPU
		{9EC353C0-18E9-4E52-99CF-2C696E5CD3DA}.Ad-Hoc|Any CPU.Build.0 = Release|Any CPU
		{9EC353C0-18E9-4E52-99CF-2C696E5CD3DA}.Ad-Hoc|Any CPU.Deploy.0 = Release|Any CPU
		{9EC353C0-18E9-4E52-99CF-2C696E5CD3DA}.Ad-Hoc|ARM.ActiveCfg = Release|Any CPU
		{9EC353C0-18E9-4E52-99CF-2C696E5CD3DA}.Ad-Hoc|ARM.Build.0 = Release|Any CPU
		{9EC353C0-18E9-4E52-99CF-2C696E5CD3DA}.Ad-Hoc|ARM.Deploy.0 = Release|Any CPU
		{9EC353C0-18E9-4E52-99CF-2C696E5CD3DA}.Ad-Hoc|iPhone.ActiveCfg = Release|Any CPU
		{9EC353C0-18E9-4E52-99CF-2C696E5CD3DA}.Ad-Hoc|iPhone.Build.0 = Release|Any CPU
		{9EC353C0-18E9-4E52-99CF-2C696E5CD3DA}.Ad-Hoc|iPhone.Deploy.0 = Release|Any CPU
		{9EC353C0-18E9-4E52-99CF-2C696E5CD3DA}.Ad-Hoc|iPhoneSimulator.ActiveCfg = Release|Any CPU
		{9EC353C0-18E9-4E52-99CF-2C696E5CD3DA}.Ad-Hoc|iPhoneSimulator.Build.0 = Release|Any CPU
		{9EC353C0-18E9-4E52-99CF-2C696E5CD3DA}.Ad-Hoc|iPhoneSimulator.Deploy.0 = Release|Any CPU
		{9EC353C0-18E9-4E52-99CF-2C696E5CD3DA}.Ad-Hoc|x64.ActiveCfg = Release|Any CPU
		{9EC353C0-18E9-4E52-99CF-2C696E5CD3DA}.Ad-Hoc|x64.Build.0 = Release|Any CPU
		{9EC353C0-18E9-4E52-99CF-2C696E5CD3DA}.Ad-Hoc|x64.Deploy.0 = Release|Any CPU
		{9EC353C0-18E9-4E52-99CF-2C696E5CD3DA}.Ad-Hoc|x86.ActiveCfg = Release|Any CPU
		{9EC353C0-18E9-4E52-99CF-2C696E5CD3DA}.Ad-Hoc|x86.Build.0 = Release|Any CPU
		{9EC353C0-18E9-4E52-99CF-2C696E5CD3DA}.Ad-Hoc|x86.Deploy.0 = Release|Any CPU
		{9EC353C0-18E9-4E52-99CF-2C696E5CD3DA}.AppStore|Any CPU.ActiveCfg = Release|Any CPU
		{9EC353C0-18E9-4E52-99CF-2C696E5CD3DA}.AppStore|Any CPU.Build.0 = Release|Any CPU
		{9EC353C0-18E9-4E52-99CF-2C696E5CD3DA}.AppStore|Any CPU.Deploy.0 = Release|Any CPU
		{9EC353C0-18E9-4E52-99CF-2C696E5CD3DA}.AppStore|ARM.ActiveCfg = Release|Any CPU
		{9EC353C0-18E9-4E52-99CF-2C696E5CD3DA}.AppStore|ARM.Build.0 = Release|Any CPU
		{9EC353C0-18E9-4E52-99CF-2C696E5CD3DA}.AppStore|ARM.Deploy.0 = Release|Any CPU
		{9EC353C0-18E9-4E52-99CF-2C696E5CD3DA}.AppStore|iPhone.ActiveCfg = Release|Any CPU
		{9EC353C0-18E9-4E52-99CF-2C696E5CD3DA}.AppStore|iPhone.Build.0 = Release|Any CPU
		{9EC353C0-18E9-4E52-99CF-2C696E5CD3DA}.AppStore|iPhone.Deploy.0 = Release|Any CPU
		{9EC353C0-18E9-4E52-99CF-2C696E5CD3DA}.AppStore|iPhoneSimulator.ActiveCfg = Release|Any CPU
		{9EC353C0-18E9-4E52-99CF-2C696E5CD3DA}.AppStore|iPhoneSimulator.Build.0 = Release|Any CPU
		{9EC353C0-18E9-4E52-99CF-2C696E5CD3DA}.AppStore|iPhoneSimulator.Deploy.0 = Release|Any CPU
		{9EC353C0-18E9-4E52-99CF-2C696E5CD3DA}.AppStore|x64.ActiveCfg = Release|Any CPU
		{9EC353C0-18E9-4E52-99CF-2C696E5CD3DA}.AppStore|x64.Build.0 = Release|Any CPU
		{9EC353C0-18E9-4E52-99CF-2C696E5CD3DA}.AppStore|x64.Deploy.0 = Release|Any CPU
		{9EC353C0-18E9-4E52-99CF-2C696E5CD3DA}.AppStore|x86.ActiveCfg = Release|Any CPU
		{9EC353C0-18E9-4E52-99CF-2C696E5CD3DA}.AppStore|x86.Build.0 = Release|Any CPU
		{9EC353C0-18E9-4E52-99CF-2C696E5CD3DA}.AppStore|x86.Deploy.0 = Release|Any CPU
		{9EC353C0-18E9-4E52-99CF-2C696E5CD3DA}.Debug|Any CPU.ActiveCfg = Debug|Any CPU
		{9EC353C0-18E9-4E52-99CF-2C696E5CD3DA}.Debug|Any CPU.Build.0 = Debug|Any CPU
		{9EC353C0-18E9-4E52-99CF-2C696E5CD3DA}.Debug|Any CPU.Deploy.0 = Debug|Any CPU
		{9EC353C0-18E9-4E52-99CF-2C696E5CD3DA}.Debug|ARM.ActiveCfg = Debug|Any CPU
		{9EC353C0-18E9-4E52-99CF-2C696E5CD3DA}.Debug|ARM.Build.0 = Debug|Any CPU
		{9EC353C0-18E9-4E52-99CF-2C696E5CD3DA}.Debug|ARM.Deploy.0 = Debug|Any CPU
		{9EC353C0-18E9-4E52-99CF-2C696E5CD3DA}.Debug|iPhone.ActiveCfg = Debug|Any CPU
		{9EC353C0-18E9-4E52-99CF-2C696E5CD3DA}.Debug|iPhone.Build.0 = Debug|Any CPU
		{9EC353C0-18E9-4E52-99CF-2C696E5CD3DA}.Debug|iPhone.Deploy.0 = Debug|Any CPU
		{9EC353C0-18E9-4E52-99CF-2C696E5CD3DA}.Debug|iPhoneSimulator.ActiveCfg = Debug|Any CPU
		{9EC353C0-18E9-4E52-99CF-2C696E5CD3DA}.Debug|iPhoneSimulator.Build.0 = Debug|Any CPU
		{9EC353C0-18E9-4E52-99CF-2C696E5CD3DA}.Debug|iPhoneSimulator.Deploy.0 = Debug|Any CPU
		{9EC353C0-18E9-4E52-99CF-2C696E5CD3DA}.Debug|x64.ActiveCfg = Debug|Any CPU
		{9EC353C0-18E9-4E52-99CF-2C696E5CD3DA}.Debug|x64.Build.0 = Debug|Any CPU
		{9EC353C0-18E9-4E52-99CF-2C696E5CD3DA}.Debug|x64.Deploy.0 = Debug|Any CPU
		{9EC353C0-18E9-4E52-99CF-2C696E5CD3DA}.Debug|x86.ActiveCfg = Debug|Any CPU
		{9EC353C0-18E9-4E52-99CF-2C696E5CD3DA}.Debug|x86.Build.0 = Debug|Any CPU
		{9EC353C0-18E9-4E52-99CF-2C696E5CD3DA}.Debug|x86.Deploy.0 = Debug|Any CPU
		{9EC353C0-18E9-4E52-99CF-2C696E5CD3DA}.Release|Any CPU.ActiveCfg = Release|Any CPU
		{9EC353C0-18E9-4E52-99CF-2C696E5CD3DA}.Release|Any CPU.Build.0 = Release|Any CPU
		{9EC353C0-18E9-4E52-99CF-2C696E5CD3DA}.Release|Any CPU.Deploy.0 = Release|Any CPU
		{9EC353C0-18E9-4E52-99CF-2C696E5CD3DA}.Release|ARM.ActiveCfg = Release|Any CPU
		{9EC353C0-18E9-4E52-99CF-2C696E5CD3DA}.Release|ARM.Build.0 = Release|Any CPU
		{9EC353C0-18E9-4E52-99CF-2C696E5CD3DA}.Release|ARM.Deploy.0 = Release|Any CPU
		{9EC353C0-18E9-4E52-99CF-2C696E5CD3DA}.Release|iPhone.ActiveCfg = Release|Any CPU
		{9EC353C0-18E9-4E52-99CF-2C696E5CD3DA}.Release|iPhone.Build.0 = Release|Any CPU
		{9EC353C0-18E9-4E52-99CF-2C696E5CD3DA}.Release|iPhone.Deploy.0 = Release|Any CPU
		{9EC353C0-18E9-4E52-99CF-2C696E5CD3DA}.Release|iPhoneSimulator.ActiveCfg = Release|Any CPU
		{9EC353C0-18E9-4E52-99CF-2C696E5CD3DA}.Release|iPhoneSimulator.Build.0 = Release|Any CPU
		{9EC353C0-18E9-4E52-99CF-2C696E5CD3DA}.Release|iPhoneSimulator.Deploy.0 = Release|Any CPU
		{9EC353C0-18E9-4E52-99CF-2C696E5CD3DA}.Release|x64.ActiveCfg = Release|Any CPU
		{9EC353C0-18E9-4E52-99CF-2C696E5CD3DA}.Release|x64.Build.0 = Release|Any CPU
		{9EC353C0-18E9-4E52-99CF-2C696E5CD3DA}.Release|x64.Deploy.0 = Release|Any CPU
		{9EC353C0-18E9-4E52-99CF-2C696E5CD3DA}.Release|x86.ActiveCfg = Release|Any CPU
		{9EC353C0-18E9-4E52-99CF-2C696E5CD3DA}.Release|x86.Build.0 = Release|Any CPU
		{9EC353C0-18E9-4E52-99CF-2C696E5CD3DA}.Release|x86.Deploy.0 = Release|Any CPU
		{55650053-3EC9-4AED-9AB4-F73638F4462F}.Ad-Hoc|Any CPU.ActiveCfg = Release|Any CPU
		{55650053-3EC9-4AED-9AB4-F73638F4462F}.Ad-Hoc|Any CPU.Build.0 = Release|Any CPU
		{55650053-3EC9-4AED-9AB4-F73638F4462F}.Ad-Hoc|ARM.ActiveCfg = Release|Any CPU
		{55650053-3EC9-4AED-9AB4-F73638F4462F}.Ad-Hoc|ARM.Build.0 = Release|Any CPU
		{55650053-3EC9-4AED-9AB4-F73638F4462F}.Ad-Hoc|iPhone.ActiveCfg = Release|Any CPU
		{55650053-3EC9-4AED-9AB4-F73638F4462F}.Ad-Hoc|iPhone.Build.0 = Release|Any CPU
		{55650053-3EC9-4AED-9AB4-F73638F4462F}.Ad-Hoc|iPhoneSimulator.ActiveCfg = Release|Any CPU
		{55650053-3EC9-4AED-9AB4-F73638F4462F}.Ad-Hoc|iPhoneSimulator.Build.0 = Release|Any CPU
		{55650053-3EC9-4AED-9AB4-F73638F4462F}.Ad-Hoc|x64.ActiveCfg = Release|Any CPU
		{55650053-3EC9-4AED-9AB4-F73638F4462F}.Ad-Hoc|x64.Build.0 = Release|Any CPU
		{55650053-3EC9-4AED-9AB4-F73638F4462F}.Ad-Hoc|x86.ActiveCfg = Release|Any CPU
		{55650053-3EC9-4AED-9AB4-F73638F4462F}.Ad-Hoc|x86.Build.0 = Release|Any CPU
		{55650053-3EC9-4AED-9AB4-F73638F4462F}.AppStore|Any CPU.ActiveCfg = Release|Any CPU
		{55650053-3EC9-4AED-9AB4-F73638F4462F}.AppStore|Any CPU.Build.0 = Release|Any CPU
		{55650053-3EC9-4AED-9AB4-F73638F4462F}.AppStore|ARM.ActiveCfg = Release|Any CPU
		{55650053-3EC9-4AED-9AB4-F73638F4462F}.AppStore|ARM.Build.0 = Release|Any CPU
		{55650053-3EC9-4AED-9AB4-F73638F4462F}.AppStore|iPhone.ActiveCfg = Release|Any CPU
		{55650053-3EC9-4AED-9AB4-F73638F4462F}.AppStore|iPhone.Build.0 = Release|Any CPU
		{55650053-3EC9-4AED-9AB4-F73638F4462F}.AppStore|iPhoneSimulator.ActiveCfg = Release|Any CPU
		{55650053-3EC9-4AED-9AB4-F73638F4462F}.AppStore|iPhoneSimulator.Build.0 = Release|Any CPU
		{55650053-3EC9-4AED-9AB4-F73638F4462F}.AppStore|x64.ActiveCfg = Release|Any CPU
		{55650053-3EC9-4AED-9AB4-F73638F4462F}.AppStore|x64.Build.0 = Release|Any CPU
		{55650053-3EC9-4AED-9AB4-F73638F4462F}.AppStore|x86.ActiveCfg = Release|Any CPU
		{55650053-3EC9-4AED-9AB4-F73638F4462F}.AppStore|x86.Build.0 = Release|Any CPU
		{55650053-3EC9-4AED-9AB4-F73638F4462F}.Debug|Any CPU.ActiveCfg = Debug|Any CPU
		{55650053-3EC9-4AED-9AB4-F73638F4462F}.Debug|Any CPU.Build.0 = Debug|Any CPU
		{55650053-3EC9-4AED-9AB4-F73638F4462F}.Debug|ARM.ActiveCfg = Debug|Any CPU
		{55650053-3EC9-4AED-9AB4-F73638F4462F}.Debug|ARM.Build.0 = Debug|Any CPU
		{55650053-3EC9-4AED-9AB4-F73638F4462F}.Debug|iPhone.ActiveCfg = Debug|Any CPU
		{55650053-3EC9-4AED-9AB4-F73638F4462F}.Debug|iPhone.Build.0 = Debug|Any CPU
		{55650053-3EC9-4AED-9AB4-F73638F4462F}.Debug|iPhoneSimulator.ActiveCfg = Debug|Any CPU
		{55650053-3EC9-4AED-9AB4-F73638F4462F}.Debug|iPhoneSimulator.Build.0 = Debug|Any CPU
		{55650053-3EC9-4AED-9AB4-F73638F4462F}.Debug|x64.ActiveCfg = Debug|Any CPU
		{55650053-3EC9-4AED-9AB4-F73638F4462F}.Debug|x64.Build.0 = Debug|Any CPU
		{55650053-3EC9-4AED-9AB4-F73638F4462F}.Debug|x86.ActiveCfg = Debug|Any CPU
		{55650053-3EC9-4AED-9AB4-F73638F4462F}.Debug|x86.Build.0 = Debug|Any CPU
		{55650053-3EC9-4AED-9AB4-F73638F4462F}.Release|Any CPU.ActiveCfg = Release|Any CPU
		{55650053-3EC9-4AED-9AB4-F73638F4462F}.Release|Any CPU.Build.0 = Release|Any CPU
		{55650053-3EC9-4AED-9AB4-F73638F4462F}.Release|ARM.ActiveCfg = Release|Any CPU
		{55650053-3EC9-4AED-9AB4-F73638F4462F}.Release|ARM.Build.0 = Release|Any CPU
		{55650053-3EC9-4AED-9AB4-F73638F4462F}.Release|iPhone.ActiveCfg = Release|Any CPU
		{55650053-3EC9-4AED-9AB4-F73638F4462F}.Release|iPhone.Build.0 = Release|Any CPU
		{55650053-3EC9-4AED-9AB4-F73638F4462F}.Release|iPhoneSimulator.ActiveCfg = Release|Any CPU
		{55650053-3EC9-4AED-9AB4-F73638F4462F}.Release|iPhoneSimulator.Build.0 = Release|Any CPU
		{55650053-3EC9-4AED-9AB4-F73638F4462F}.Release|x64.ActiveCfg = Release|Any CPU
		{55650053-3EC9-4AED-9AB4-F73638F4462F}.Release|x64.Build.0 = Release|Any CPU
		{55650053-3EC9-4AED-9AB4-F73638F4462F}.Release|x86.ActiveCfg = Release|Any CPU
		{55650053-3EC9-4AED-9AB4-F73638F4462F}.Release|x86.Build.0 = Release|Any CPU
		{8F621FFF-A08F-4B3A-A61A-93CB4F928BD3}.Ad-Hoc|Any CPU.ActiveCfg = Release|x86
		{8F621FFF-A08F-4B3A-A61A-93CB4F928BD3}.Ad-Hoc|Any CPU.Build.0 = Release|x86
		{8F621FFF-A08F-4B3A-A61A-93CB4F928BD3}.Ad-Hoc|Any CPU.Deploy.0 = Release|x86
		{8F621FFF-A08F-4B3A-A61A-93CB4F928BD3}.Ad-Hoc|ARM.ActiveCfg = Release|ARM
		{8F621FFF-A08F-4B3A-A61A-93CB4F928BD3}.Ad-Hoc|ARM.Build.0 = Release|ARM
		{8F621FFF-A08F-4B3A-A61A-93CB4F928BD3}.Ad-Hoc|ARM.Deploy.0 = Release|ARM
		{8F621FFF-A08F-4B3A-A61A-93CB4F928BD3}.Ad-Hoc|iPhone.ActiveCfg = Release|x86
		{8F621FFF-A08F-4B3A-A61A-93CB4F928BD3}.Ad-Hoc|iPhone.Build.0 = Release|x86
		{8F621FFF-A08F-4B3A-A61A-93CB4F928BD3}.Ad-Hoc|iPhone.Deploy.0 = Release|x86
		{8F621FFF-A08F-4B3A-A61A-93CB4F928BD3}.Ad-Hoc|iPhoneSimulator.ActiveCfg = Release|x86
		{8F621FFF-A08F-4B3A-A61A-93CB4F928BD3}.Ad-Hoc|iPhoneSimulator.Build.0 = Release|x86
		{8F621FFF-A08F-4B3A-A61A-93CB4F928BD3}.Ad-Hoc|iPhoneSimulator.Deploy.0 = Release|x86
		{8F621FFF-A08F-4B3A-A61A-93CB4F928BD3}.Ad-Hoc|x64.ActiveCfg = Release|x64
		{8F621FFF-A08F-4B3A-A61A-93CB4F928BD3}.Ad-Hoc|x64.Build.0 = Release|x64
		{8F621FFF-A08F-4B3A-A61A-93CB4F928BD3}.Ad-Hoc|x64.Deploy.0 = Release|x64
		{8F621FFF-A08F-4B3A-A61A-93CB4F928BD3}.Ad-Hoc|x86.ActiveCfg = Release|x86
		{8F621FFF-A08F-4B3A-A61A-93CB4F928BD3}.Ad-Hoc|x86.Build.0 = Release|x86
		{8F621FFF-A08F-4B3A-A61A-93CB4F928BD3}.Ad-Hoc|x86.Deploy.0 = Release|x86
		{8F621FFF-A08F-4B3A-A61A-93CB4F928BD3}.AppStore|Any CPU.ActiveCfg = Release|x86
		{8F621FFF-A08F-4B3A-A61A-93CB4F928BD3}.AppStore|Any CPU.Build.0 = Release|x86
		{8F621FFF-A08F-4B3A-A61A-93CB4F928BD3}.AppStore|Any CPU.Deploy.0 = Release|x86
		{8F621FFF-A08F-4B3A-A61A-93CB4F928BD3}.AppStore|ARM.ActiveCfg = Release|ARM
		{8F621FFF-A08F-4B3A-A61A-93CB4F928BD3}.AppStore|ARM.Build.0 = Release|ARM
		{8F621FFF-A08F-4B3A-A61A-93CB4F928BD3}.AppStore|ARM.Deploy.0 = Release|ARM
		{8F621FFF-A08F-4B3A-A61A-93CB4F928BD3}.AppStore|iPhone.ActiveCfg = Release|x86
		{8F621FFF-A08F-4B3A-A61A-93CB4F928BD3}.AppStore|iPhone.Build.0 = Release|x86
		{8F621FFF-A08F-4B3A-A61A-93CB4F928BD3}.AppStore|iPhone.Deploy.0 = Release|x86
		{8F621FFF-A08F-4B3A-A61A-93CB4F928BD3}.AppStore|iPhoneSimulator.ActiveCfg = Release|x86
		{8F621FFF-A08F-4B3A-A61A-93CB4F928BD3}.AppStore|iPhoneSimulator.Build.0 = Release|x86
		{8F621FFF-A08F-4B3A-A61A-93CB4F928BD3}.AppStore|iPhoneSimulator.Deploy.0 = Release|x86
		{8F621FFF-A08F-4B3A-A61A-93CB4F928BD3}.AppStore|x64.ActiveCfg = Release|x64
		{8F621FFF-A08F-4B3A-A61A-93CB4F928BD3}.AppStore|x64.Build.0 = Release|x64
		{8F621FFF-A08F-4B3A-A61A-93CB4F928BD3}.AppStore|x64.Deploy.0 = Release|x64
		{8F621FFF-A08F-4B3A-A61A-93CB4F928BD3}.AppStore|x86.ActiveCfg = Release|x86
		{8F621FFF-A08F-4B3A-A61A-93CB4F928BD3}.AppStore|x86.Build.0 = Release|x86
		{8F621FFF-A08F-4B3A-A61A-93CB4F928BD3}.AppStore|x86.Deploy.0 = Release|x86
		{8F621FFF-A08F-4B3A-A61A-93CB4F928BD3}.Debug|Any CPU.ActiveCfg = Debug|x86
		{8F621FFF-A08F-4B3A-A61A-93CB4F928BD3}.Debug|ARM.ActiveCfg = Debug|ARM
		{8F621FFF-A08F-4B3A-A61A-93CB4F928BD3}.Debug|ARM.Build.0 = Debug|ARM
		{8F621FFF-A08F-4B3A-A61A-93CB4F928BD3}.Debug|ARM.Deploy.0 = Debug|ARM
		{8F621FFF-A08F-4B3A-A61A-93CB4F928BD3}.Debug|iPhone.ActiveCfg = Debug|x86
		{8F621FFF-A08F-4B3A-A61A-93CB4F928BD3}.Debug|iPhoneSimulator.ActiveCfg = Debug|x86
		{8F621FFF-A08F-4B3A-A61A-93CB4F928BD3}.Debug|x64.ActiveCfg = Debug|x64
		{8F621FFF-A08F-4B3A-A61A-93CB4F928BD3}.Debug|x64.Build.0 = Debug|x64
		{8F621FFF-A08F-4B3A-A61A-93CB4F928BD3}.Debug|x64.Deploy.0 = Debug|x64
		{8F621FFF-A08F-4B3A-A61A-93CB4F928BD3}.Debug|x86.ActiveCfg = Debug|x86
		{8F621FFF-A08F-4B3A-A61A-93CB4F928BD3}.Debug|x86.Build.0 = Debug|x86
		{8F621FFF-A08F-4B3A-A61A-93CB4F928BD3}.Debug|x86.Deploy.0 = Debug|x86
		{8F621FFF-A08F-4B3A-A61A-93CB4F928BD3}.Release|Any CPU.ActiveCfg = Release|x86
		{8F621FFF-A08F-4B3A-A61A-93CB4F928BD3}.Release|ARM.ActiveCfg = Release|ARM
		{8F621FFF-A08F-4B3A-A61A-93CB4F928BD3}.Release|ARM.Build.0 = Release|ARM
		{8F621FFF-A08F-4B3A-A61A-93CB4F928BD3}.Release|ARM.Deploy.0 = Release|ARM
		{8F621FFF-A08F-4B3A-A61A-93CB4F928BD3}.Release|iPhone.ActiveCfg = Release|x86
		{8F621FFF-A08F-4B3A-A61A-93CB4F928BD3}.Release|iPhoneSimulator.ActiveCfg = Release|x86
		{8F621FFF-A08F-4B3A-A61A-93CB4F928BD3}.Release|x64.ActiveCfg = Release|x64
		{8F621FFF-A08F-4B3A-A61A-93CB4F928BD3}.Release|x64.Build.0 = Release|x64
		{8F621FFF-A08F-4B3A-A61A-93CB4F928BD3}.Release|x64.Deploy.0 = Release|x64
		{8F621FFF-A08F-4B3A-A61A-93CB4F928BD3}.Release|x86.ActiveCfg = Release|x86
		{8F621FFF-A08F-4B3A-A61A-93CB4F928BD3}.Release|x86.Build.0 = Release|x86
		{8F621FFF-A08F-4B3A-A61A-93CB4F928BD3}.Release|x86.Deploy.0 = Release|x86
		{B00396CE-44D3-4EC9-B4C3-9A7EBD319DFD}.Ad-Hoc|Any CPU.ActiveCfg = Ad-Hoc|iPhone
		{B00396CE-44D3-4EC9-B4C3-9A7EBD319DFD}.Ad-Hoc|ARM.ActiveCfg = Ad-Hoc|iPhone
		{B00396CE-44D3-4EC9-B4C3-9A7EBD319DFD}.Ad-Hoc|iPhone.ActiveCfg = Ad-Hoc|iPhone
		{B00396CE-44D3-4EC9-B4C3-9A7EBD319DFD}.Ad-Hoc|iPhone.Build.0 = Ad-Hoc|iPhone
		{B00396CE-44D3-4EC9-B4C3-9A7EBD319DFD}.Ad-Hoc|iPhoneSimulator.ActiveCfg = Ad-Hoc|iPhoneSimulator
		{B00396CE-44D3-4EC9-B4C3-9A7EBD319DFD}.Ad-Hoc|iPhoneSimulator.Build.0 = Ad-Hoc|iPhoneSimulator
		{B00396CE-44D3-4EC9-B4C3-9A7EBD319DFD}.Ad-Hoc|x64.ActiveCfg = Ad-Hoc|iPhone
		{B00396CE-44D3-4EC9-B4C3-9A7EBD319DFD}.Ad-Hoc|x86.ActiveCfg = Ad-Hoc|iPhone
		{B00396CE-44D3-4EC9-B4C3-9A7EBD319DFD}.AppStore|Any CPU.ActiveCfg = AppStore|iPhone
		{B00396CE-44D3-4EC9-B4C3-9A7EBD319DFD}.AppStore|ARM.ActiveCfg = AppStore|iPhone
		{B00396CE-44D3-4EC9-B4C3-9A7EBD319DFD}.AppStore|iPhone.ActiveCfg = AppStore|iPhone
		{B00396CE-44D3-4EC9-B4C3-9A7EBD319DFD}.AppStore|iPhone.Build.0 = AppStore|iPhone
		{B00396CE-44D3-4EC9-B4C3-9A7EBD319DFD}.AppStore|iPhoneSimulator.ActiveCfg = AppStore|iPhoneSimulator
		{B00396CE-44D3-4EC9-B4C3-9A7EBD319DFD}.AppStore|iPhoneSimulator.Build.0 = AppStore|iPhoneSimulator
		{B00396CE-44D3-4EC9-B4C3-9A7EBD319DFD}.AppStore|x64.ActiveCfg = AppStore|iPhone
		{B00396CE-44D3-4EC9-B4C3-9A7EBD319DFD}.AppStore|x86.ActiveCfg = AppStore|iPhone
		{B00396CE-44D3-4EC9-B4C3-9A7EBD319DFD}.Debug|Any CPU.ActiveCfg = Debug|iPhone
		{B00396CE-44D3-4EC9-B4C3-9A7EBD319DFD}.Debug|ARM.ActiveCfg = Debug|iPhone
		{B00396CE-44D3-4EC9-B4C3-9A7EBD319DFD}.Debug|iPhone.ActiveCfg = Debug|iPhone
		{B00396CE-44D3-4EC9-B4C3-9A7EBD319DFD}.Debug|iPhone.Build.0 = Debug|iPhone
		{B00396CE-44D3-4EC9-B4C3-9A7EBD319DFD}.Debug|iPhoneSimulator.ActiveCfg = Debug|iPhoneSimulator
		{B00396CE-44D3-4EC9-B4C3-9A7EBD319DFD}.Debug|iPhoneSimulator.Build.0 = Debug|iPhoneSimulator
		{B00396CE-44D3-4EC9-B4C3-9A7EBD319DFD}.Debug|x64.ActiveCfg = Debug|iPhone
		{B00396CE-44D3-4EC9-B4C3-9A7EBD319DFD}.Debug|x86.ActiveCfg = Debug|iPhone
		{B00396CE-44D3-4EC9-B4C3-9A7EBD319DFD}.Release|Any CPU.ActiveCfg = Release|iPhone
		{B00396CE-44D3-4EC9-B4C3-9A7EBD319DFD}.Release|ARM.ActiveCfg = Release|iPhone
		{B00396CE-44D3-4EC9-B4C3-9A7EBD319DFD}.Release|iPhone.ActiveCfg = Release|iPhone
		{B00396CE-44D3-4EC9-B4C3-9A7EBD319DFD}.Release|iPhone.Build.0 = Release|iPhone
		{B00396CE-44D3-4EC9-B4C3-9A7EBD319DFD}.Release|iPhoneSimulator.ActiveCfg = Release|iPhoneSimulator
		{B00396CE-44D3-4EC9-B4C3-9A7EBD319DFD}.Release|iPhoneSimulator.Build.0 = Release|iPhoneSimulator
		{B00396CE-44D3-4EC9-B4C3-9A7EBD319DFD}.Release|x64.ActiveCfg = Release|iPhone
		{B00396CE-44D3-4EC9-B4C3-9A7EBD319DFD}.Release|x86.ActiveCfg = Release|iPhone
	EndGlobalSection
	GlobalSection(SolutionProperties) = preSolution
		HideSolutionNode = FALSE
	EndGlobalSection
EndGlobal
